// !$*UTF8*$!
{
	archiveVersion = 1;
	classes = {
	};
	objectVersion = 56;
	objects = {

/* Begin PBXBuildFile section */
		05581CA528F66E95004868A6 /* AppDelegate.swift in Sources */ = {isa = PBXBuildFile; fileRef = 05581CA428F66E95004868A6 /* AppDelegate.swift */; };
		05581CA728F66E95004868A6 /* SceneDelegate.swift in Sources */ = {isa = PBXBuildFile; fileRef = 05581CA628F66E95004868A6 /* SceneDelegate.swift */; };
		05581CA928F66E95004868A6 /* ViewController.swift in Sources */ = {isa = PBXBuildFile; fileRef = 05581CA828F66E95004868A6 /* ViewController.swift */; };
		05581CAC28F66E95004868A6 /* Main.storyboard in Resources */ = {isa = PBXBuildFile; fileRef = 05581CAA28F66E95004868A6 /* Main.storyboard */; };
		05581CAE28F66E96004868A6 /* Assets.xcassets in Resources */ = {isa = PBXBuildFile; fileRef = 05581CAD28F66E96004868A6 /* Assets.xcassets */; };
		05581CB128F66E96004868A6 /* LaunchScreen.storyboard in Resources */ = {isa = PBXBuildFile; fileRef = 05581CAF28F66E96004868A6 /* LaunchScreen.storyboard */; };
		05581CB928F66FF7004868A6 /* MenuView.swift in Sources */ = {isa = PBXBuildFile; fileRef = 05581CB828F66FF7004868A6 /* MenuView.swift */; };
		05581CBB28F69F13004868A6 /* StructView.swift in Sources */ = {isa = PBXBuildFile; fileRef = 05581CBA28F69F13004868A6 /* StructView.swift */; };
		05581CBD28F7B961004868A6 /* CardContent.swift in Sources */ = {isa = PBXBuildFile; fileRef = 05581CBC28F7B961004868A6 /* CardContent.swift */; };
		E4D10CF4E90C88B1DC1A9DC9 /* Pods_ScrollViewTest.framework in Frameworks */ = {isa = PBXBuildFile; fileRef = 0215195B36C665DFF537F06C /* Pods_ScrollViewTest.framework */; };
/* End PBXBuildFile section */

/* Begin PBXFileReference section */
		0215195B36C665DFF537F06C /* Pods_ScrollViewTest.framework */ = {isa = PBXFileReference; explicitFileType = wrapper.framework; includeInIndex = 0; path = Pods_ScrollViewTest.framework; sourceTree = BUILT_PRODUCTS_DIR; };
		05581CA128F66E95004868A6 /* ScrollViewTest.app */ = {isa = PBXFileReference; explicitFileType = wrapper.application; includeInIndex = 0; path = ScrollViewTest.app; sourceTree = BUILT_PRODUCTS_DIR; };
		05581CA428F66E95004868A6 /* AppDelegate.swift */ = {isa = PBXFileReference; lastKnownFileType = sourcecode.swift; path = AppDelegate.swift; sourceTree = "<group>"; };
		05581CA628F66E95004868A6 /* SceneDelegate.swift */ = {isa = PBXFileReference; lastKnownFileType = sourcecode.swift; path = SceneDelegate.swift; sourceTree = "<group>"; };
		05581CA828F66E95004868A6 /* ViewController.swift */ = {isa = PBXFileReference; lastKnownFileType = sourcecode.swift; path = ViewController.swift; sourceTree = "<group>"; };
		05581CAB28F66E95004868A6 /* Base */ = {isa = PBXFileReference; lastKnownFileType = file.storyboard; name = Base; path = Base.lproj/Main.storyboard; sourceTree = "<group>"; };
		05581CAD28F66E96004868A6 /* Assets.xcassets */ = {isa = PBXFileReference; lastKnownFileType = folder.assetcatalog; path = Assets.xcassets; sourceTree = "<group>"; };
		05581CB028F66E96004868A6 /* Base */ = {isa = PBXFileReference; lastKnownFileType = file.storyboard; name = Base; path = Base.lproj/LaunchScreen.storyboard; sourceTree = "<group>"; };
		05581CB228F66E96004868A6 /* Info.plist */ = {isa = PBXFileReference; lastKnownFileType = text.plist.xml; path = Info.plist; sourceTree = "<group>"; };
		05581CB828F66FF7004868A6 /* MenuView.swift */ = {isa = PBXFileReference; lastKnownFileType = sourcecode.swift; path = MenuView.swift; sourceTree = "<group>"; };
		05581CBA28F69F13004868A6 /* StructView.swift */ = {isa = PBXFileReference; lastKnownFileType = sourcecode.swift; path = StructView.swift; sourceTree = "<group>"; };
		05581CBC28F7B961004868A6 /* CardContent.swift */ = {isa = PBXFileReference; lastKnownFileType = sourcecode.swift; path = CardContent.swift; sourceTree = "<group>"; };
		372CD08E2748E233ABB13B6B /* Pods-ScrollViewTest.debug.xcconfig */ = {isa = PBXFileReference; includeInIndex = 1; lastKnownFileType = text.xcconfig; name = "Pods-ScrollViewTest.debug.xcconfig"; path = "Target Support Files/Pods-ScrollViewTest/Pods-ScrollViewTest.debug.xcconfig"; sourceTree = "<group>"; };
		4EDEDDAB1CE7615DD6EC1420 /* Pods-ScrollViewTest.release.xcconfig */ = {isa = PBXFileReference; includeInIndex = 1; lastKnownFileType = text.xcconfig; name = "Pods-ScrollViewTest.release.xcconfig"; path = "Target Support Files/Pods-ScrollViewTest/Pods-ScrollViewTest.release.xcconfig"; sourceTree = "<group>"; };
/* End PBXFileReference section */

/* Begin PBXFrameworksBuildPhase section */
		05581C9E28F66E95004868A6 /* Frameworks */ = {
			isa = PBXFrameworksBuildPhase;
			buildActionMask = 2147483647;
			files = (
				E4D10CF4E90C88B1DC1A9DC9 /* Pods_ScrollViewTest.framework in Frameworks */,
			);
			runOnlyForDeploymentPostprocessing = 0;
		};
/* End PBXFrameworksBuildPhase section */

/* Begin PBXGroup section */
		05581C9828F66E95004868A6 = {
			isa = PBXGroup;
			children = (
				05581CA328F66E95004868A6 /* ScrollViewTest */,
				05581CA228F66E95004868A6 /* Products */,
				F75E4548F2359B09F4B733DA /* Pods */,
				EE1999B28F0D4B14D9124875 /* Frameworks */,
			);
			sourceTree = "<group>";
		};
		05581CA228F66E95004868A6 /* Products */ = {
			isa = PBXGroup;
			children = (
				05581CA128F66E95004868A6 /* ScrollViewTest.app */,
			);
			name = Products;
			sourceTree = "<group>";
		};
		05581CA328F66E95004868A6 /* ScrollViewTest */ = {
			isa = PBXGroup;
			children = (
				05581CA428F66E95004868A6 /* AppDelegate.swift */,
				05581CA628F66E95004868A6 /* SceneDelegate.swift */,
				05581CA828F66E95004868A6 /* ViewController.swift */,
				05581CAA28F66E95004868A6 /* Main.storyboard */,
				05581CAD28F66E96004868A6 /* Assets.xcassets */,
				05581CAF28F66E96004868A6 /* LaunchScreen.storyboard */,
				05581CB228F66E96004868A6 /* Info.plist */,
				05581CB828F66FF7004868A6 /* MenuView.swift */,
				05581CBA28F69F13004868A6 /* StructView.swift */,
				05581CBC28F7B961004868A6 /* CardContent.swift */,
			);
			path = ScrollViewTest;
			sourceTree = "<group>";
		};
		EE1999B28F0D4B14D9124875 /* Frameworks */ = {
			isa = PBXGroup;
			children = (
				0215195B36C665DFF537F06C /* Pods_ScrollViewTest.framework */,
			);
			name = Frameworks;
			sourceTree = "<group>";
		};
		F75E4548F2359B09F4B733DA /* Pods */ = {
			isa = PBXGroup;
			children = (
				372CD08E2748E233ABB13B6B /* Pods-ScrollViewTest.debug.xcconfig */,
				4EDEDDAB1CE7615DD6EC1420 /* Pods-ScrollViewTest.release.xcconfig */,
			);
			path = Pods;
			sourceTree = "<group>";
		};
/* End PBXGroup section */

/* Begin PBXNativeTarget section */
		05581CA028F66E95004868A6 /* ScrollViewTest */ = {
			isa = PBXNativeTarget;
			buildConfigurationList = 05581CB528F66E96004868A6 /* Build configuration list for PBXNativeTarget "ScrollViewTest" */;
			buildPhases = (
				67BBEA28405C1AA740697314 /* [CP] Check Pods Manifest.lock */,
				05581C9D28F66E95004868A6 /* Sources */,
				05581C9E28F66E95004868A6 /* Frameworks */,
				05581C9F28F66E95004868A6 /* Resources */,
				52395704A39F68F47EEA7819 /* [CP] Embed Pods Frameworks */,
			);
			buildRules = (
			);
			dependencies = (
			);
			name = ScrollViewTest;
			productName = ScrollViewTest;
			productReference = 05581CA128F66E95004868A6 /* ScrollViewTest.app */;
			productType = "com.apple.product-type.application";
		};
/* End PBXNativeTarget section */

/* Begin PBXProject section */
		05581C9928F66E95004868A6 /* Project object */ = {
			isa = PBXProject;
			attributes = {
				BuildIndependentTargetsInParallel = 1;
				LastSwiftUpdateCheck = 1400;
				LastUpgradeCheck = 1400;
				TargetAttributes = {
					05581CA028F66E95004868A6 = {
						CreatedOnToolsVersion = 14.0;
					};
				};
			};
			buildConfigurationList = 05581C9C28F66E95004868A6 /* Build configuration list for PBXProject "ScrollViewTest" */;
			compatibilityVersion = "Xcode 14.0";
			developmentRegion = en;
			hasScannedForEncodings = 0;
			knownRegions = (
				en,
				Base,
			);
			mainGroup = 05581C9828F66E95004868A6;
			productRefGroup = 05581CA228F66E95004868A6 /* Products */;
			projectDirPath = "";
			projectRoot = "";
			targets = (
				05581CA028F66E95004868A6 /* ScrollViewTest */,
			);
		};
/* End PBXProject section */

/* Begin PBXResourcesBuildPhase section */
		05581C9F28F66E95004868A6 /* Resources */ = {
			isa = PBXResourcesBuildPhase;
			buildActionMask = 2147483647;
			files = (
				05581CB128F66E96004868A6 /* LaunchScreen.storyboard in Resources */,
				05581CAE28F66E96004868A6 /* Assets.xcassets in Resources */,
				05581CAC28F66E95004868A6 /* Main.storyboard in Resources */,
			);
			runOnlyForDeploymentPostprocessing = 0;
		};
/* End PBXResourcesBuildPhase section */

/* Begin PBXShellScriptBuildPhase section */
		52395704A39F68F47EEA7819 /* [CP] Embed Pods Frameworks */ = {
			isa = PBXShellScriptBuildPhase;
			buildActionMask = 2147483647;
			files = (
			);
			inputFileListPaths = (
				"${PODS_ROOT}/Target Support Files/Pods-ScrollViewTest/Pods-ScrollViewTest-frameworks-${CONFIGURATION}-input-files.xcfilelist",
			);
			name = "[CP] Embed Pods Frameworks";
			outputFileListPaths = (
				"${PODS_ROOT}/Target Support Files/Pods-ScrollViewTest/Pods-ScrollViewTest-frameworks-${CONFIGURATION}-output-files.xcfilelist",
			);
			runOnlyForDeploymentPostprocessing = 0;
			shellPath = /bin/sh;
			shellScript = "\"${PODS_ROOT}/Target Support Files/Pods-ScrollViewTest/Pods-ScrollViewTest-frameworks.sh\"\n";
			showEnvVarsInLog = 0;
		};
		67BBEA28405C1AA740697314 /* [CP] Check Pods Manifest.lock */ = {
			isa = PBXShellScriptBuildPhase;
			buildActionMask = 2147483647;
			files = (
			);
			inputFileListPaths = (
			);
			inputPaths = (
				"${PODS_PODFILE_DIR_PATH}/Podfile.lock",
				"${PODS_ROOT}/Manifest.lock",
			);
			name = "[CP] Check Pods Manifest.lock";
			outputFileListPaths = (
			);
			outputPaths = (
				"$(DERIVED_FILE_DIR)/Pods-ScrollViewTest-checkManifestLockResult.txt",
			);
			runOnlyForDeploymentPostprocessing = 0;
			shellPath = /bin/sh;
			shellScript = "diff \"${PODS_PODFILE_DIR_PATH}/Podfile.lock\" \"${PODS_ROOT}/Manifest.lock\" > /dev/null\nif [ $? != 0 ] ; then\n    # print error to STDERR\n    echo \"error: The sandbox is not in sync with the Podfile.lock. Run 'pod install' or update your CocoaPods installation.\" >&2\n    exit 1\nfi\n# This output is used by Xcode 'outputs' to avoid re-running this script phase.\necho \"SUCCESS\" > \"${SCRIPT_OUTPUT_FILE_0}\"\n";
			showEnvVarsInLog = 0;
		};
/* End PBXShellScriptBuildPhase section */

/* Begin PBXSourcesBuildPhase section */
		05581C9D28F66E95004868A6 /* Sources */ = {
			isa = PBXSourcesBuildPhase;
			buildActionMask = 2147483647;
			files = (
				05581CA928F66E95004868A6 /* ViewController.swift in Sources */,
				05581CBB28F69F13004868A6 /* StructView.swift in Sources */,
				05581CB928F66FF7004868A6 /* MenuView.swift in Sources */,
				05581CBD28F7B961004868A6 /* CardContent.swift in Sources */,
				05581CA528F66E95004868A6 /* AppDelegate.swift in Sources */,
				05581CA728F66E95004868A6 /* SceneDelegate.swift in Sources */,
			);
			runOnlyForDeploymentPostprocessing = 0;
		};
/* End PBXSourcesBuildPhase section */

/* Begin PBXVariantGroup section */
		05581CAA28F66E95004868A6 /* Main.storyboard */ = {
			isa = PBXVariantGroup;
			children = (
				05581CAB28F66E95004868A6 /* Base */,
			);
			name = Main.storyboard;
			sourceTree = "<group>";
		};
		05581CAF28F66E96004868A6 /* LaunchScreen.storyboard */ = {
			isa = PBXVariantGroup;
			children = (
				05581CB028F66E96004868A6 /* Base */,
			);
			name = LaunchScreen.storyboard;
			sourceTree = "<group>";
		};
/* End PBXVariantGroup section */

/* Begin XCBuildConfiguration section */
		05581CB328F66E96004868A6 /* Debug */ = {
			isa = XCBuildConfiguration;
			buildSettings = {
				ALWAYS_SEARCH_USER_PATHS = NO;
				CLANG_ANALYZER_NONNULL = YES;
				CLANG_ANALYZER_NUMBER_OBJECT_CONVERSION = YES_AGGRESSIVE;
				CLANG_CXX_LANGUAGE_STANDARD = "gnu++20";
				CLANG_ENABLE_MODULES = YES;
				CLANG_ENABLE_OBJC_ARC = YES;
				CLANG_ENABLE_OBJC_WEAK = YES;
				CLANG_WARN_BLOCK_CAPTURE_AUTORELEASING = YES;
				CLANG_WARN_BOOL_CONVERSION = YES;
				CLANG_WARN_COMMA = YES;
				CLANG_WARN_CONSTANT_CONVERSION = YES;
				CLANG_WARN_DEPRECATED_OBJC_IMPLEMENTATIONS = YES;
				CLANG_WARN_DIRECT_OBJC_ISA_USAGE = YES_ERROR;
				CLANG_WARN_DOCUMENTATION_COMMENTS = YES;
				CLANG_WARN_EMPTY_BODY = YES;
				CLANG_WARN_ENUM_CONVERSION = YES;
				CLANG_WARN_INFINITE_RECURSION = YES;
				CLANG_WARN_INT_CONVERSION = YES;
				CLANG_WARN_NON_LITERAL_NULL_CONVERSION = YES;
				CLANG_WARN_OBJC_IMPLICIT_RETAIN_SELF = YES;
				CLANG_WARN_OBJC_LITERAL_CONVERSION = YES;
				CLANG_WARN_OBJC_ROOT_CLASS = YES_ERROR;
				CLANG_WARN_QUOTED_INCLUDE_IN_FRAMEWORK_HEADER = YES;
				CLANG_WARN_RANGE_LOOP_ANALYSIS = YES;
				CLANG_WARN_STRICT_PROTOTYPES = YES;
				CLANG_WARN_SUSPICIOUS_MOVE = YES;
				CLANG_WARN_UNGUARDED_AVAILABILITY = YES_AGGRESSIVE;
				CLANG_WARN_UNREACHABLE_CODE = YES;
				CLANG_WARN__DUPLICATE_METHOD_MATCH = YES;
				COPY_PHASE_STRIP = NO;
				DEBUG_INFORMATION_FORMAT = dwarf;
				ENABLE_STRICT_OBJC_MSGSEND = YES;
				ENABLE_TESTABILITY = YES;
				GCC_C_LANGUAGE_STANDARD = gnu11;
				GCC_DYNAMIC_NO_PIC = NO;
				GCC_NO_COMMON_BLOCKS = YES;
				GCC_OPTIMIZATION_LEVEL = 0;
				GCC_PREPROCESSOR_DEFINITIONS = (
					"DEBUG=1",
					"$(inherited)",
				);
				GCC_WARN_64_TO_32_BIT_CONVERSION = YES;
				GCC_WARN_ABOUT_RETURN_TYPE = YES_ERROR;
				GCC_WARN_UNDECLARED_SELECTOR = YES;
				GCC_WARN_UNINITIALIZED_AUTOS = YES_AGGRESSIVE;
				GCC_WARN_UNUSED_FUNCTION = YES;
				GCC_WARN_UNUSED_VARIABLE = YES;
				IPHONEOS_DEPLOYMENT_TARGET = 16.0;
				MTL_ENABLE_DEBUG_INFO = INCLUDE_SOURCE;
				MTL_FAST_MATH = YES;
				ONLY_ACTIVE_ARCH = YES;
				SDKROOT = iphoneos;
				SWIFT_ACTIVE_COMPILATION_CONDITIONS = DEBUG;
				SWIFT_OPTIMIZATION_LEVEL = "-Onone";
			};
			name = Debug;
		};
		05581CB428F66E96004868A6 /* Release */ = {
			isa = XCBuildConfiguration;
			buildSettings = {
				ALWAYS_SEARCH_USER_PATHS = NO;
				CLANG_ANALYZER_NONNULL = YES;
				CLANG_ANALYZER_NUMBER_OBJECT_CONVERSION = YES_AGGRESSIVE;
				CLANG_CXX_LANGUAGE_STANDARD = "gnu++20";
				CLANG_ENABLE_MODULES = YES;
				CLANG_ENABLE_OBJC_ARC = YES;
				CLANG_ENABLE_OBJC_WEAK = YES;
				CLANG_WARN_BLOCK_CAPTURE_AUTORELEASING = YES;
				CLANG_WARN_BOOL_CONVERSION = YES;
				CLANG_WARN_COMMA = YES;
				CLANG_WARN_CONSTANT_CONVERSION = YES;
				CLANG_WARN_DEPRECATED_OBJC_IMPLEMENTATIONS = YES;
				CLANG_WARN_DIRECT_OBJC_ISA_USAGE = YES_ERROR;
				CLANG_WARN_DOCUMENTATION_COMMENTS = YES;
				CLANG_WARN_EMPTY_BODY = YES;
				CLANG_WARN_ENUM_CONVERSION = YES;
				CLANG_WARN_INFINITE_RECURSION = YES;
				CLANG_WARN_INT_CONVERSION = YES;
				CLANG_WARN_NON_LITERAL_NULL_CONVERSION = YES;
				CLANG_WARN_OBJC_IMPLICIT_RETAIN_SELF = YES;
				CLANG_WARN_OBJC_LITERAL_CONVERSION = YES;
				CLANG_WARN_OBJC_ROOT_CLASS = YES_ERROR;
				CLANG_WARN_QUOTED_INCLUDE_IN_FRAMEWORK_HEADER = YES;
				CLANG_WARN_RANGE_LOOP_ANALYSIS = YES;
				CLANG_WARN_STRICT_PROTOTYPES = YES;
				CLANG_WARN_SUSPICIOUS_MOVE = YES;
				CLANG_WARN_UNGUARDED_AVAILABILITY = YES_AGGRESSIVE;
				CLANG_WARN_UNREACHABLE_CODE = YES;
				CLANG_WARN__DUPLICATE_METHOD_MATCH = YES;
				COPY_PHASE_STRIP = NO;
				DEBUG_INFORMATION_FORMAT = "dwarf-with-dsym";
				ENABLE_NS_ASSERTIONS = NO;
				ENABLE_STRICT_OBJC_MSGSEND = YES;
				GCC_C_LANGUAGE_STANDARD = gnu11;
				GCC_NO_COMMON_BLOCKS = YES;
				GCC_WARN_64_TO_32_BIT_CONVERSION = YES;
				GCC_WARN_ABOUT_RETURN_TYPE = YES_ERROR;
				GCC_WARN_UNDECLARED_SELECTOR = YES;
				GCC_WARN_UNINITIALIZED_AUTOS = YES_AGGRESSIVE;
				GCC_WARN_UNUSED_FUNCTION = YES;
				GCC_WARN_UNUSED_VARIABLE = YES;
				IPHONEOS_DEPLOYMENT_TARGET = 16.0;
				MTL_ENABLE_DEBUG_INFO = NO;
				MTL_FAST_MATH = YES;
				SDKROOT = iphoneos;
				SWIFT_COMPILATION_MODE = wholemodule;
				SWIFT_OPTIMIZATION_LEVEL = "-O";
				VALIDATE_PRODUCT = YES;
			};
			name = Release;
		};
		05581CB628F66E96004868A6 /* Debug */ = {
			isa = XCBuildConfiguration;
			baseConfigurationReference = 372CD08E2748E233ABB13B6B /* Pods-ScrollViewTest.debug.xcconfig */;
			buildSettings = {
				ASSETCATALOG_COMPILER_APPICON_NAME = AppIcon;
				ASSETCATALOG_COMPILER_GLOBAL_ACCENT_COLOR_NAME = AccentColor;
				CODE_SIGN_STYLE = Automatic;
				CURRENT_PROJECT_VERSION = 1;
				GENERATE_INFOPLIST_FILE = YES;
				INFOPLIST_FILE = ScrollViewTest/Info.plist;
				INFOPLIST_KEY_UIApplicationSupportsIndirectInputEvents = YES;
				INFOPLIST_KEY_UILaunchStoryboardName = LaunchScreen;
				INFOPLIST_KEY_UIMainStoryboardFile = Main;
				INFOPLIST_KEY_UISupportedInterfaceOrientations_iPad = "UIInterfaceOrientationPortrait UIInterfaceOrientationPortraitUpsideDown UIInterfaceOrientationLandscapeLeft UIInterfaceOrientationLandscapeRight";
				INFOPLIST_KEY_UISupportedInterfaceOrientations_iPhone = "UIInterfaceOrientationPortrait UIInterfaceOrientationLandscapeLeft UIInterfaceOrientationLandscapeRight";
				LD_RUNPATH_SEARCH_PATHS = (
					"$(inherited)",
					"@executable_path/Frameworks",
				);
				MARKETING_VERSION = 1.0;
				PRODUCT_BUNDLE_IDENTIFIER = com.tplink.ScrollViewTest;
				PRODUCT_NAME = "$(TARGET_NAME)";
				SWIFT_EMIT_LOC_STRINGS = YES;
				SWIFT_VERSION = 5.0;
				TARGETED_DEVICE_FAMILY = "1,2";
			};
			name = Debug;
		};
		05581CB728F66E96004868A6 /* Release */ = {
			isa = XCBuildConfiguration;
			baseConfigurationReference = 4EDEDDAB1CE7615DD6EC1420 /* Pods-ScrollViewTest.release.xcconfig */;
			buildSettings = {
				ASSETCATALOG_COMPILER_APPICON_NAME = AppIcon;
				ASSETCATALOG_COMPILER_GLOBAL_ACCENT_COLOR_NAME = AccentColor;
				CODE_SIGN_STYLE = Automatic;
				CURRENT_PROJECT_VERSION = 1;
				GENERATE_INFOPLIST_FILE = YES;
				INFOPLIST_FILE = ScrollViewTest/Info.plist;
				INFOPLIST_KEY_UIApplicationSupportsIndirectInputEvents = YES;
				INFOPLIST_KEY_UILaunchStoryboardName = LaunchScreen;
				INFOPLIST_KEY_UIMainStoryboardFile = Main;
				INFOPLIST_KEY_UISupportedInterfaceOrientations_iPad = "UIInterfaceOrientationPortrait UIInterfaceOrientationPortraitUpsideDown UIInterfaceOrientationLandscapeLeft UIInterfaceOrientationLandscapeRight";
				INFOPLIST_KEY_UISupportedInterfaceOrientations_iPhone = "UIInterfaceOrientationPortrait UIInterfaceOrientationLandscapeLeft UIInterfaceOrientationLandscapeRight";
				LD_RUNPATH_SEARCH_PATHS = (
					"$(inherited)",
					"@executable_path/Frameworks",
				);
				MARKETING_VERSION = 1.0;
				PRODUCT_BUNDLE_IDENTIFIER = com.tplink.ScrollViewTest;
				PRODUCT_NAME = "$(TARGET_NAME)";
				SWIFT_EMIT_LOC_STRINGS = YES;
				SWIFT_VERSION = 5.0;
				TARGETED_DEVICE_FAMILY = "1,2";
			};
			name = Release;
		};
/* End XCBuildConfiguration section */

/* Begin XCConfigurationList section */
		05581C9C28F66E95004868A6 /* Build configuration list for PBXProject "ScrollViewTest" */ = {
			isa = XCConfigurationList;
			buildConfigurations = (
				05581CB328F66E96004868A6 /* Debug */,
				05581CB428F66E96004868A6 /* Release */,
			);
			defaultConfigurationIsVisible = 0;
			defaultConfigurationName = Release;
		};
		05581CB528F66E96004868A6 /* Build configuration list for PBXNativeTarget "ScrollViewTest" */ = {
			isa = XCConfigurationList;
			buildConfigurations = (
				05581CB628F66E96004868A6 /* Debug */,
				05581CB728F66E96004868A6 /* Release */,
			);
			defaultConfigurationIsVisible = 0;
			defaultConfigurationName = Release;
		};
/* End XCConfigurationList section */
	};
	rootObject = 05581C9928F66E95004868A6 /* Project object */;
}
